// !$*UTF8*$!
{
	archiveVersion = 1;
	classes = {
	};
	objectVersion = 56;
	objects = {

/* Begin PBXBuildFile section */
		3A3CF3B32A23A5170008BBF1 /* manifestApp.swift in Sources */ = {isa = PBXBuildFile; fileRef = 3A3CF3B22A23A5170008BBF1 /* manifestApp.swift */; };
		3A3CF3B52A23A5170008BBF1 /* ContentView.swift in Sources */ = {isa = PBXBuildFile; fileRef = 3A3CF3B42A23A5170008BBF1 /* ContentView.swift */; };
		3A3CF3B72A23A5180008BBF1 /* Assets.xcassets in Resources */ = {isa = PBXBuildFile; fileRef = 3A3CF3B62A23A5180008BBF1 /* Assets.xcassets */; };
		3A3CF3BB2A23A5180008BBF1 /* Preview Assets.xcassets in Resources */ = {isa = PBXBuildFile; fileRef = 3A3CF3BA2A23A5180008BBF1 /* Preview Assets.xcassets */; };
		3A3CF3C52A23A5180008BBF1 /* manifestTests.swift in Sources */ = {isa = PBXBuildFile; fileRef = 3A3CF3C42A23A5180008BBF1 /* manifestTests.swift */; };
		3A3CF3CF2A23A5180008BBF1 /* manifestUITests.swift in Sources */ = {isa = PBXBuildFile; fileRef = 3A3CF3CE2A23A5180008BBF1 /* manifestUITests.swift */; };
		3A3CF3D12A23A5180008BBF1 /* manifestUITestsLaunchTests.swift in Sources */ = {isa = PBXBuildFile; fileRef = 3A3CF3D02A23A5180008BBF1 /* manifestUITestsLaunchTests.swift */; };
		3A3CF3DE2A23A6210008BBF1 /* FloatingPanelView.swift in Sources */ = {isa = PBXBuildFile; fileRef = 3A3CF3DD2A23A6210008BBF1 /* FloatingPanelView.swift */; };
		3A3CF3E02A23A8850008BBF1 /* HotkeyMonitor.swift in Sources */ = {isa = PBXBuildFile; fileRef = 3A3CF3DF2A23A8850008BBF1 /* HotkeyMonitor.swift */; };
		3A3CF3E22A23A9630008BBF1 /* AudioRecorder.swift in Sources */ = {isa = PBXBuildFile; fileRef = 3A3CF3E12A23A9630008BBF1 /* AudioRecorder.swift */; };
		3A3CF3E62A23B20D0008BBF1 /* OpenAIWhisper.swift in Sources */ = {isa = PBXBuildFile; fileRef = 3A3CF3E52A23B20D0008BBF1 /* OpenAIWhisper.swift */; };
		3A3CF3E92A24092D0008BBF1 /* PhotoSearcher.swift in Sources */ = {isa = PBXBuildFile; fileRef = 3A3CF3E82A24092D0008BBF1 /* PhotoSearcher.swift */; };
		3A3CF3EB2A2418C80008BBF1 /* TranslucentWindow.swift in Sources */ = {isa = PBXBuildFile; fileRef = 3A3CF3EA2A2418C80008BBF1 /* TranslucentWindow.swift */; };
		3A3CF3ED2A241A140008BBF1 /* AppDelegate.swift in Sources */ = {isa = PBXBuildFile; fileRef = 3A3CF3EC2A241A140008BBF1 /* AppDelegate.swift */; };
		3A3CF3EF2A241FD80008BBF1 /* VisualEffect.swift in Sources */ = {isa = PBXBuildFile; fileRef = 3A3CF3EE2A241FD80008BBF1 /* VisualEffect.swift */; };
/* End PBXBuildFile section */

/* Begin PBXContainerItemProxy section */
		3A3CF3C12A23A5180008BBF1 /* PBXContainerItemProxy */ = {
			isa = PBXContainerItemProxy;
			containerPortal = 3A3CF3A72A23A5170008BBF1 /* Project object */;
			proxyType = 1;
			remoteGlobalIDString = 3A3CF3AE2A23A5170008BBF1;
			remoteInfo = manifest;
		};
		3A3CF3CB2A23A5180008BBF1 /* PBXContainerItemProxy */ = {
			isa = PBXContainerItemProxy;
			containerPortal = 3A3CF3A72A23A5170008BBF1 /* Project object */;
			proxyType = 1;
			remoteGlobalIDString = 3A3CF3AE2A23A5170008BBF1;
			remoteInfo = manifest;
		};
/* End PBXContainerItemProxy section */

/* Begin PBXFileReference section */
		3A3CF3AF2A23A5170008BBF1 /* manifest.app */ = {isa = PBXFileReference; explicitFileType = wrapper.application; includeInIndex = 0; path = manifest.app; sourceTree = BUILT_PRODUCTS_DIR; };
		3A3CF3B22A23A5170008BBF1 /* manifestApp.swift */ = {isa = PBXFileReference; lastKnownFileType = sourcecode.swift; path = manifestApp.swift; sourceTree = "<group>"; };
		3A3CF3B42A23A5170008BBF1 /* ContentView.swift */ = {isa = PBXFileReference; lastKnownFileType = sourcecode.swift; path = ContentView.swift; sourceTree = "<group>"; };
		3A3CF3B62A23A5180008BBF1 /* Assets.xcassets */ = {isa = PBXFileReference; lastKnownFileType = folder.assetcatalog; path = Assets.xcassets; sourceTree = "<group>"; };
		3A3CF3B82A23A5180008BBF1 /* manifest.entitlements */ = {isa = PBXFileReference; lastKnownFileType = text.plist.entitlements; path = manifest.entitlements; sourceTree = "<group>"; };
		3A3CF3BA2A23A5180008BBF1 /* Preview Assets.xcassets */ = {isa = PBXFileReference; lastKnownFileType = folder.assetcatalog; path = "Preview Assets.xcassets"; sourceTree = "<group>"; };
		3A3CF3C02A23A5180008BBF1 /* manifestTests.xctest */ = {isa = PBXFileReference; explicitFileType = wrapper.cfbundle; includeInIndex = 0; path = manifestTests.xctest; sourceTree = BUILT_PRODUCTS_DIR; };
		3A3CF3C42A23A5180008BBF1 /* manifestTests.swift */ = {isa = PBXFileReference; lastKnownFileType = sourcecode.swift; path = manifestTests.swift; sourceTree = "<group>"; };
		3A3CF3CA2A23A5180008BBF1 /* manifestUITests.xctest */ = {isa = PBXFileReference; explicitFileType = wrapper.cfbundle; includeInIndex = 0; path = manifestUITests.xctest; sourceTree = BUILT_PRODUCTS_DIR; };
		3A3CF3CE2A23A5180008BBF1 /* manifestUITests.swift */ = {isa = PBXFileReference; lastKnownFileType = sourcecode.swift; path = manifestUITests.swift; sourceTree = "<group>"; };
		3A3CF3D02A23A5180008BBF1 /* manifestUITestsLaunchTests.swift */ = {isa = PBXFileReference; lastKnownFileType = sourcecode.swift; path = manifestUITestsLaunchTests.swift; sourceTree = "<group>"; };
		3A3CF3DD2A23A6210008BBF1 /* FloatingPanelView.swift */ = {isa = PBXFileReference; lastKnownFileType = sourcecode.swift; path = FloatingPanelView.swift; sourceTree = "<group>"; };
		3A3CF3DF2A23A8850008BBF1 /* HotkeyMonitor.swift */ = {isa = PBXFileReference; lastKnownFileType = sourcecode.swift; path = HotkeyMonitor.swift; sourceTree = "<group>"; };
		3A3CF3E12A23A9630008BBF1 /* AudioRecorder.swift */ = {isa = PBXFileReference; lastKnownFileType = sourcecode.swift; path = AudioRecorder.swift; sourceTree = "<group>"; };
		3A3CF3E52A23B20D0008BBF1 /* OpenAIWhisper.swift */ = {isa = PBXFileReference; lastKnownFileType = sourcecode.swift; path = OpenAIWhisper.swift; sourceTree = "<group>"; };
		3A3CF3E72A23DE740008BBF1 /* Info.plist */ = {isa = PBXFileReference; lastKnownFileType = text.plist; path = Info.plist; sourceTree = "<group>"; };
		3A3CF3E82A24092D0008BBF1 /* PhotoSearcher.swift */ = {isa = PBXFileReference; lastKnownFileType = sourcecode.swift; path = PhotoSearcher.swift; sourceTree = "<group>"; };
		3A3CF3EA2A2418C80008BBF1 /* TranslucentWindow.swift */ = {isa = PBXFileReference; lastKnownFileType = sourcecode.swift; path = TranslucentWindow.swift; sourceTree = "<group>"; };
		3A3CF3EC2A241A140008BBF1 /* AppDelegate.swift */ = {isa = PBXFileReference; lastKnownFileType = sourcecode.swift; path = AppDelegate.swift; sourceTree = "<group>"; };
		3A3CF3EE2A241FD80008BBF1 /* VisualEffect.swift */ = {isa = PBXFileReference; lastKnownFileType = sourcecode.swift; path = VisualEffect.swift; sourceTree = "<group>"; };
/* End PBXFileReference section */

/* Begin PBXFrameworksBuildPhase section */
		3A3CF3AC2A23A5170008BBF1 /* Frameworks */ = {
			isa = PBXFrameworksBuildPhase;
			buildActionMask = 2147483647;
			files = (
			);
			runOnlyForDeploymentPostprocessing = 0;
		};
		3A3CF3BD2A23A5180008BBF1 /* Frameworks */ = {
			isa = PBXFrameworksBuildPhase;
			buildActionMask = 2147483647;
			files = (
			);
			runOnlyForDeploymentPostprocessing = 0;
		};
		3A3CF3C72A23A5180008BBF1 /* Frameworks */ = {
			isa = PBXFrameworksBuildPhase;
			buildActionMask = 2147483647;
			files = (
			);
			runOnlyForDeploymentPostprocessing = 0;
		};
/* End PBXFrameworksBuildPhase section */

/* Begin PBXGroup section */
		3A3CF3A62A23A5170008BBF1 = {
			isa = PBXGroup;
			children = (
				3A3CF3B12A23A5170008BBF1 /* manifest */,
				3A3CF3C32A23A5180008BBF1 /* manifestTests */,
				3A3CF3CD2A23A5180008BBF1 /* manifestUITests */,
				3A3CF3B02A23A5170008BBF1 /* Products */,
			);
			sourceTree = "<group>";
		};
		3A3CF3B02A23A5170008BBF1 /* Products */ = {
			isa = PBXGroup;
			children = (
				3A3CF3AF2A23A5170008BBF1 /* manifest.app */,
				3A3CF3C02A23A5180008BBF1 /* manifestTests.xctest */,
				3A3CF3CA2A23A5180008BBF1 /* manifestUITests.xctest */,
			);
			name = Products;
			sourceTree = "<group>";
		};
		3A3CF3B12A23A5170008BBF1 /* manifest */ = {
			isa = PBXGroup;
			children = (
				3A3CF3E72A23DE740008BBF1 /* Info.plist */,
				3A3CF3B22A23A5170008BBF1 /* manifestApp.swift */,
				3A3CF3B42A23A5170008BBF1 /* ContentView.swift */,
				3A3CF3B62A23A5180008BBF1 /* Assets.xcassets */,
				3A3CF3B82A23A5180008BBF1 /* manifest.entitlements */,
				3A3CF3B92A23A5180008BBF1 /* Preview Content */,
				3A3CF3DD2A23A6210008BBF1 /* FloatingPanelView.swift */,
				3A3CF3DF2A23A8850008BBF1 /* HotkeyMonitor.swift */,
				3A3CF3E12A23A9630008BBF1 /* AudioRecorder.swift */,
				3A3CF3E52A23B20D0008BBF1 /* OpenAIWhisper.swift */,
				3A3CF3E82A24092D0008BBF1 /* PhotoSearcher.swift */,
				3A3CF3EA2A2418C80008BBF1 /* TranslucentWindow.swift */,
				3A3CF3EC2A241A140008BBF1 /* AppDelegate.swift */,
				3A3CF3EE2A241FD80008BBF1 /* VisualEffect.swift */,
			);
			path = manifest;
			sourceTree = "<group>";
		};
		3A3CF3B92A23A5180008BBF1 /* Preview Content */ = {
			isa = PBXGroup;
			children = (
				3A3CF3BA2A23A5180008BBF1 /* Preview Assets.xcassets */,
			);
			path = "Preview Content";
			sourceTree = "<group>";
		};
		3A3CF3C32A23A5180008BBF1 /* manifestTests */ = {
			isa = PBXGroup;
			children = (
				3A3CF3C42A23A5180008BBF1 /* manifestTests.swift */,
			);
			path = manifestTests;
			sourceTree = "<group>";
		};
		3A3CF3CD2A23A5180008BBF1 /* manifestUITests */ = {
			isa = PBXGroup;
			children = (
				3A3CF3CE2A23A5180008BBF1 /* manifestUITests.swift */,
				3A3CF3D02A23A5180008BBF1 /* manifestUITestsLaunchTests.swift */,
			);
			path = manifestUITests;
			sourceTree = "<group>";
		};
/* End PBXGroup section */

/* Begin PBXNativeTarget section */
		3A3CF3AE2A23A5170008BBF1 /* manifest */ = {
			isa = PBXNativeTarget;
			buildConfigurationList = 3A3CF3D42A23A5180008BBF1 /* Build configuration list for PBXNativeTarget "manifest" */;
			buildPhases = (
				3A3CF3AB2A23A5170008BBF1 /* Sources */,
				3A3CF3AC2A23A5170008BBF1 /* Frameworks */,
				3A3CF3AD2A23A5170008BBF1 /* Resources */,
			);
			buildRules = (
			);
			dependencies = (
			);
			name = manifest;
			productName = manifest;
			productReference = 3A3CF3AF2A23A5170008BBF1 /* manifest.app */;
			productType = "com.apple.product-type.application";
		};
		3A3CF3BF2A23A5180008BBF1 /* manifestTests */ = {
			isa = PBXNativeTarget;
			buildConfigurationList = 3A3CF3D72A23A5180008BBF1 /* Build configuration list for PBXNativeTarget "manifestTests" */;
			buildPhases = (
				3A3CF3BC2A23A5180008BBF1 /* Sources */,
				3A3CF3BD2A23A5180008BBF1 /* Frameworks */,
				3A3CF3BE2A23A5180008BBF1 /* Resources */,
			);
			buildRules = (
			);
			dependencies = (
				3A3CF3C22A23A5180008BBF1 /* PBXTargetDependency */,
			);
			name = manifestTests;
			productName = manifestTests;
			productReference = 3A3CF3C02A23A5180008BBF1 /* manifestTests.xctest */;
			productType = "com.apple.product-type.bundle.unit-test";
		};
		3A3CF3C92A23A5180008BBF1 /* manifestUITests */ = {
			isa = PBXNativeTarget;
			buildConfigurationList = 3A3CF3DA2A23A5180008BBF1 /* Build configuration list for PBXNativeTarget "manifestUITests" */;
			buildPhases = (
				3A3CF3C62A23A5180008BBF1 /* Sources */,
				3A3CF3C72A23A5180008BBF1 /* Frameworks */,
				3A3CF3C82A23A5180008BBF1 /* Resources */,
			);
			buildRules = (
			);
			dependencies = (
				3A3CF3CC2A23A5180008BBF1 /* PBXTargetDependency */,
			);
			name = manifestUITests;
			productName = manifestUITests;
			productReference = 3A3CF3CA2A23A5180008BBF1 /* manifestUITests.xctest */;
			productType = "com.apple.product-type.bundle.ui-testing";
		};
/* End PBXNativeTarget section */

/* Begin PBXProject section */
		3A3CF3A72A23A5170008BBF1 /* Project object */ = {
			isa = PBXProject;
			attributes = {
				BuildIndependentTargetsInParallel = 1;
				LastSwiftUpdateCheck = 1430;
				LastUpgradeCheck = 1430;
				TargetAttributes = {
					3A3CF3AE2A23A5170008BBF1 = {
						CreatedOnToolsVersion = 14.3;
					};
					3A3CF3BF2A23A5180008BBF1 = {
						CreatedOnToolsVersion = 14.3;
						TestTargetID = 3A3CF3AE2A23A5170008BBF1;
					};
					3A3CF3C92A23A5180008BBF1 = {
						CreatedOnToolsVersion = 14.3;
						TestTargetID = 3A3CF3AE2A23A5170008BBF1;
					};
				};
			};
			buildConfigurationList = 3A3CF3AA2A23A5170008BBF1 /* Build configuration list for PBXProject "manifest" */;
			compatibilityVersion = "Xcode 14.0";
			developmentRegion = en;
			hasScannedForEncodings = 0;
			knownRegions = (
				en,
				Base,
			);
			mainGroup = 3A3CF3A62A23A5170008BBF1;
			productRefGroup = 3A3CF3B02A23A5170008BBF1 /* Products */;
			projectDirPath = "";
			projectRoot = "";
			targets = (
				3A3CF3AE2A23A5170008BBF1 /* manifest */,
				3A3CF3BF2A23A5180008BBF1 /* manifestTests */,
				3A3CF3C92A23A5180008BBF1 /* manifestUITests */,
			);
		};
/* End PBXProject section */

/* Begin PBXResourcesBuildPhase section */
		3A3CF3AD2A23A5170008BBF1 /* Resources */ = {
			isa = PBXResourcesBuildPhase;
			buildActionMask = 2147483647;
			files = (
				3A3CF3BB2A23A5180008BBF1 /* Preview Assets.xcassets in Resources */,
				3A3CF3B72A23A5180008BBF1 /* Assets.xcassets in Resources */,
			);
			runOnlyForDeploymentPostprocessing = 0;
		};
		3A3CF3BE2A23A5180008BBF1 /* Resources */ = {
			isa = PBXResourcesBuildPhase;
			buildActionMask = 2147483647;
			files = (
			);
			runOnlyForDeploymentPostprocessing = 0;
		};
		3A3CF3C82A23A5180008BBF1 /* Resources */ = {
			isa = PBXResourcesBuildPhase;
			buildActionMask = 2147483647;
			files = (
			);
			runOnlyForDeploymentPostprocessing = 0;
		};
/* End PBXResourcesBuildPhase section */

/* Begin PBXSourcesBuildPhase section */
		3A3CF3AB2A23A5170008BBF1 /* Sources */ = {
			isa = PBXSourcesBuildPhase;
			buildActionMask = 2147483647;
			files = (
				3A3CF3DE2A23A6210008BBF1 /* FloatingPanelView.swift in Sources */,
				3A3CF3EB2A2418C80008BBF1 /* TranslucentWindow.swift in Sources */,
				3A3CF3EF2A241FD80008BBF1 /* VisualEffect.swift in Sources */,
				3A3CF3B52A23A5170008BBF1 /* ContentView.swift in Sources */,
				3A3CF3ED2A241A140008BBF1 /* AppDelegate.swift in Sources */,
				3A3CF3E62A23B20D0008BBF1 /* OpenAIWhisper.swift in Sources */,
				3A3CF3E02A23A8850008BBF1 /* HotkeyMonitor.swift in Sources */,
				3A3CF3B32A23A5170008BBF1 /* manifestApp.swift in Sources */,
				3A3CF3E92A24092D0008BBF1 /* PhotoSearcher.swift in Sources */,
				3A3CF3E22A23A9630008BBF1 /* AudioRecorder.swift in Sources */,
			);
			runOnlyForDeploymentPostprocessing = 0;
		};
		3A3CF3BC2A23A5180008BBF1 /* Sources */ = {
			isa = PBXSourcesBuildPhase;
			buildActionMask = 2147483647;
			files = (
				3A3CF3C52A23A5180008BBF1 /* manifestTests.swift in Sources */,
			);
			runOnlyForDeploymentPostprocessing = 0;
		};
		3A3CF3C62A23A5180008BBF1 /* Sources */ = {
			isa = PBXSourcesBuildPhase;
			buildActionMask = 2147483647;
			files = (
				3A3CF3D12A23A5180008BBF1 /* manifestUITestsLaunchTests.swift in Sources */,
				3A3CF3CF2A23A5180008BBF1 /* manifestUITests.swift in Sources */,
			);
			runOnlyForDeploymentPostprocessing = 0;
		};
/* End PBXSourcesBuildPhase section */

/* Begin PBXTargetDependency section */
		3A3CF3C22A23A5180008BBF1 /* PBXTargetDependency */ = {
			isa = PBXTargetDependency;
			target = 3A3CF3AE2A23A5170008BBF1 /* manifest */;
			targetProxy = 3A3CF3C12A23A5180008BBF1 /* PBXContainerItemProxy */;
		};
		3A3CF3CC2A23A5180008BBF1 /* PBXTargetDependency */ = {
			isa = PBXTargetDependency;
			target = 3A3CF3AE2A23A5170008BBF1 /* manifest */;
			targetProxy = 3A3CF3CB2A23A5180008BBF1 /* PBXContainerItemProxy */;
		};
/* End PBXTargetDependency section */

/* Begin XCBuildConfiguration section */
		3A3CF3D22A23A5180008BBF1 /* Debug */ = {
			isa = XCBuildConfiguration;
			buildSettings = {
				ALWAYS_SEARCH_USER_PATHS = NO;
				CLANG_ANALYZER_NONNULL = YES;
				CLANG_ANALYZER_NUMBER_OBJECT_CONVERSION = YES_AGGRESSIVE;
				CLANG_CXX_LANGUAGE_STANDARD = "gnu++20";
				CLANG_ENABLE_MODULES = YES;
				CLANG_ENABLE_OBJC_ARC = YES;
				CLANG_ENABLE_OBJC_WEAK = YES;
				CLANG_WARN_BLOCK_CAPTURE_AUTORELEASING = YES;
				CLANG_WARN_BOOL_CONVERSION = YES;
				CLANG_WARN_COMMA = YES;
				CLANG_WARN_CONSTANT_CONVERSION = YES;
				CLANG_WARN_DEPRECATED_OBJC_IMPLEMENTATIONS = YES;
				CLANG_WARN_DIRECT_OBJC_ISA_USAGE = YES_ERROR;
				CLANG_WARN_DOCUMENTATION_COMMENTS = YES;
				CLANG_WARN_EMPTY_BODY = YES;
				CLANG_WARN_ENUM_CONVERSION = YES;
				CLANG_WARN_INFINITE_RECURSION = YES;
				CLANG_WARN_INT_CONVERSION = YES;
				CLANG_WARN_NON_LITERAL_NULL_CONVERSION = YES;
				CLANG_WARN_OBJC_IMPLICIT_RETAIN_SELF = YES;
				CLANG_WARN_OBJC_LITERAL_CONVERSION = YES;
				CLANG_WARN_OBJC_ROOT_CLASS = YES_ERROR;
				CLANG_WARN_QUOTED_INCLUDE_IN_FRAMEWORK_HEADER = YES;
				CLANG_WARN_RANGE_LOOP_ANALYSIS = YES;
				CLANG_WARN_STRICT_PROTOTYPES = YES;
				CLANG_WARN_SUSPICIOUS_MOVE = YES;
				CLANG_WARN_UNGUARDED_AVAILABILITY = YES_AGGRESSIVE;
				CLANG_WARN_UNREACHABLE_CODE = YES;
				CLANG_WARN__DUPLICATE_METHOD_MATCH = YES;
				COPY_PHASE_STRIP = NO;
				DEBUG_INFORMATION_FORMAT = dwarf;
				ENABLE_STRICT_OBJC_MSGSEND = YES;
				ENABLE_TESTABILITY = YES;
				GCC_C_LANGUAGE_STANDARD = gnu11;
				GCC_DYNAMIC_NO_PIC = NO;
				GCC_NO_COMMON_BLOCKS = YES;
				GCC_OPTIMIZATION_LEVEL = 0;
				GCC_PREPROCESSOR_DEFINITIONS = (
					"DEBUG=1",
					"$(inherited)",
				);
				GCC_WARN_64_TO_32_BIT_CONVERSION = YES;
				GCC_WARN_ABOUT_RETURN_TYPE = YES_ERROR;
				GCC_WARN_UNDECLARED_SELECTOR = YES;
				GCC_WARN_UNINITIALIZED_AUTOS = YES_AGGRESSIVE;
				GCC_WARN_UNUSED_FUNCTION = YES;
				GCC_WARN_UNUSED_VARIABLE = YES;
				MTL_ENABLE_DEBUG_INFO = INCLUDE_SOURCE;
				MTL_FAST_MATH = YES;
				ONLY_ACTIVE_ARCH = YES;
				SWIFT_ACTIVE_COMPILATION_CONDITIONS = DEBUG;
				SWIFT_OPTIMIZATION_LEVEL = "-Onone";
			};
			name = Debug;
		};
		3A3CF3D32A23A5180008BBF1 /* Release */ = {
			isa = XCBuildConfiguration;
			buildSettings = {
				ALWAYS_SEARCH_USER_PATHS = NO;
				CLANG_ANALYZER_NONNULL = YES;
				CLANG_ANALYZER_NUMBER_OBJECT_CONVERSION = YES_AGGRESSIVE;
				CLANG_CXX_LANGUAGE_STANDARD = "gnu++20";
				CLANG_ENABLE_MODULES = YES;
				CLANG_ENABLE_OBJC_ARC = YES;
				CLANG_ENABLE_OBJC_WEAK = YES;
				CLANG_WARN_BLOCK_CAPTURE_AUTORELEASING = YES;
				CLANG_WARN_BOOL_CONVERSION = YES;
				CLANG_WARN_COMMA = YES;
				CLANG_WARN_CONSTANT_CONVERSION = YES;
				CLANG_WARN_DEPRECATED_OBJC_IMPLEMENTATIONS = YES;
				CLANG_WARN_DIRECT_OBJC_ISA_USAGE = YES_ERROR;
				CLANG_WARN_DOCUMENTATION_COMMENTS = YES;
				CLANG_WARN_EMPTY_BODY = YES;
				CLANG_WARN_ENUM_CONVERSION = YES;
				CLANG_WARN_INFINITE_RECURSION = YES;
				CLANG_WARN_INT_CONVERSION = YES;
				CLANG_WARN_NON_LITERAL_NULL_CONVERSION = YES;
				CLANG_WARN_OBJC_IMPLICIT_RETAIN_SELF = YES;
				CLANG_WARN_OBJC_LITERAL_CONVERSION = YES;
				CLANG_WARN_OBJC_ROOT_CLASS = YES_ERROR;
				CLANG_WARN_QUOTED_INCLUDE_IN_FRAMEWORK_HEADER = YES;
				CLANG_WARN_RANGE_LOOP_ANALYSIS = YES;
				CLANG_WARN_STRICT_PROTOTYPES = YES;
				CLANG_WARN_SUSPICIOUS_MOVE = YES;
				CLANG_WARN_UNGUARDED_AVAILABILITY = YES_AGGRESSIVE;
				CLANG_WARN_UNREACHABLE_CODE = YES;
				CLANG_WARN__DUPLICATE_METHOD_MATCH = YES;
				COPY_PHASE_STRIP = NO;
				DEBUG_INFORMATION_FORMAT = "dwarf-with-dsym";
				ENABLE_NS_ASSERTIONS = NO;
				ENABLE_STRICT_OBJC_MSGSEND = YES;
				GCC_C_LANGUAGE_STANDARD = gnu11;
				GCC_NO_COMMON_BLOCKS = YES;
				GCC_WARN_64_TO_32_BIT_CONVERSION = YES;
				GCC_WARN_ABOUT_RETURN_TYPE = YES_ERROR;
				GCC_WARN_UNDECLARED_SELECTOR = YES;
				GCC_WARN_UNINITIALIZED_AUTOS = YES_AGGRESSIVE;
				GCC_WARN_UNUSED_FUNCTION = YES;
				GCC_WARN_UNUSED_VARIABLE = YES;
				MTL_ENABLE_DEBUG_INFO = NO;
				MTL_FAST_MATH = YES;
				SWIFT_COMPILATION_MODE = wholemodule;
				SWIFT_OPTIMIZATION_LEVEL = "-O";
			};
			name = Release;
		};
		3A3CF3D52A23A5180008BBF1 /* Debug */ = {
			isa = XCBuildConfiguration;
			buildSettings = {
				ASSETCATALOG_COMPILER_APPICON_NAME = AppIcon;
				ASSETCATALOG_COMPILER_GLOBAL_ACCENT_COLOR_NAME = AccentColor;
				CODE_SIGN_ENTITLEMENTS = manifest/manifest.entitlements;
				CODE_SIGN_STYLE = Automatic;
				CURRENT_PROJECT_VERSION = 1;
				DEVELOPMENT_ASSET_PATHS = "\"manifest/Preview Content\"";
				ENABLE_PREVIEWS = YES;
				GENERATE_INFOPLIST_FILE = YES;
				INFOPLIST_FILE = manifest/Info.plist;
				INFOPLIST_KEY_NSMicrophoneUsageDescription = "This needs audio input as is the default interface.";
				"INFOPLIST_KEY_UIApplicationSceneManifest_Generation[sdk=iphoneos*]" = YES;
				"INFOPLIST_KEY_UIApplicationSceneManifest_Generation[sdk=iphonesimulator*]" = YES;
				"INFOPLIST_KEY_UIApplicationSupportsIndirectInputEvents[sdk=iphoneos*]" = YES;
				"INFOPLIST_KEY_UIApplicationSupportsIndirectInputEvents[sdk=iphonesimulator*]" = YES;
				"INFOPLIST_KEY_UILaunchScreen_Generation[sdk=iphoneos*]" = YES;
				"INFOPLIST_KEY_UILaunchScreen_Generation[sdk=iphonesimulator*]" = YES;
				"INFOPLIST_KEY_UIStatusBarStyle[sdk=iphoneos*]" = UIStatusBarStyleDefault;
				"INFOPLIST_KEY_UIStatusBarStyle[sdk=iphonesimulator*]" = UIStatusBarStyleDefault;
				INFOPLIST_KEY_UISupportedInterfaceOrientations_iPad = "UIInterfaceOrientationPortrait UIInterfaceOrientationPortraitUpsideDown UIInterfaceOrientationLandscapeLeft UIInterfaceOrientationLandscapeRight";
				INFOPLIST_KEY_UISupportedInterfaceOrientations_iPhone = "UIInterfaceOrientationPortrait UIInterfaceOrientationLandscapeLeft UIInterfaceOrientationLandscapeRight";
				IPHONEOS_DEPLOYMENT_TARGET = 16.4;
				LD_RUNPATH_SEARCH_PATHS = "@executable_path/Frameworks";
				"LD_RUNPATH_SEARCH_PATHS[sdk=macosx*]" = "@executable_path/../Frameworks";
				MACOSX_DEPLOYMENT_TARGET = 13.3;
				MARKETING_VERSION = 1.0;
				PRODUCT_BUNDLE_IDENTIFIER = adriangalilea.manifest;
				PRODUCT_NAME = "$(TARGET_NAME)";
				SDKROOT = auto;
				SUPPORTED_PLATFORMS = "iphoneos iphonesimulator macosx";
				SWIFT_EMIT_LOC_STRINGS = YES;
				SWIFT_VERSION = 5.0;
				TARGETED_DEVICE_FAMILY = "1,2";
			};
			name = Debug;
		};
		3A3CF3D62A23A5180008BBF1 /* Release */ = {
			isa = XCBuildConfiguration;
			buildSettings = {
				ASSETCATALOG_COMPILER_APPICON_NAME = AppIcon;
				ASSETCATALOG_COMPILER_GLOBAL_ACCENT_COLOR_NAME = AccentColor;
				CODE_SIGN_ENTITLEMENTS = manifest/manifest.entitlements;
				CODE_SIGN_STYLE = Automatic;
				CURRENT_PROJECT_VERSION = 1;
				DEVELOPMENT_ASSET_PATHS = "\"manifest/Preview Content\"";
				ENABLE_PREVIEWS = YES;
				GENERATE_INFOPLIST_FILE = YES;
				INFOPLIST_FILE = manifest/Info.plist;
				INFOPLIST_KEY_NSMicrophoneUsageDescription = "This needs audio input as is the default interface.";
				"INFOPLIST_KEY_UIApplicationSceneManifest_Generation[sdk=iphoneos*]" = YES;
				"INFOPLIST_KEY_UIApplicationSceneManifest_Generation[sdk=iphonesimulator*]" = YES;
				"INFOPLIST_KEY_UIApplicationSupportsIndirectInputEvents[sdk=iphoneos*]" = YES;
				"INFOPLIST_KEY_UIApplicationSupportsIndirectInputEvents[sdk=iphonesimulator*]" = YES;
				"INFOPLIST_KEY_UILaunchScreen_Generation[sdk=iphoneos*]" = YES;
				"INFOPLIST_KEY_UILaunchScreen_Generation[sdk=iphonesimulator*]" = YES;
				"INFOPLIST_KEY_UIStatusBarStyle[sdk=iphoneos*]" = UIStatusBarStyleDefault;
				"INFOPLIST_KEY_UIStatusBarStyle[sdk=iphonesimulator*]" = UIStatusBarStyleDefault;
				INFOPLIST_KEY_UISupportedInterfaceOrientations_iPad = "UIInterfaceOrientationPortrait UIInterfaceOrientationPortraitUpsideDown UIInterfaceOrientationLandscapeLeft UIInterfaceOrientationLandscapeRight";
				INFOPLIST_KEY_UISupportedInterfaceOrientations_iPhone = "UIInterfaceOrientationPortrait UIInterfaceOrientationLandscapeLeft UIInterfaceOrientationLandscapeRight";
				IPHONEOS_DEPLOYMENT_TARGET = 16.4;
				LD_RUNPATH_SEARCH_PATHS = "@executable_path/Frameworks";
				"LD_RUNPATH_SEARCH_PATHS[sdk=macosx*]" = "@executable_path/../Frameworks";
				MACOSX_DEPLOYMENT_TARGET = 13.3;
				MARKETING_VERSION = 1.0;
				PRODUCT_BUNDLE_IDENTIFIER = adriangalilea.manifest;
				PRODUCT_NAME = "$(TARGET_NAME)";
				SDKROOT = auto;
				SUPPORTED_PLATFORMS = "iphoneos iphonesimulator macosx";
				SWIFT_EMIT_LOC_STRINGS = YES;
				SWIFT_VERSION = 5.0;
				TARGETED_DEVICE_FAMILY = "1,2";
			};
			name = Release;
		};
		3A3CF3D82A23A5180008BBF1 /* Debug */ = {
			isa = XCBuildConfiguration;
			buildSettings = {
				ALWAYS_EMBED_SWIFT_STANDARD_LIBRARIES = YES;
				BUNDLE_LOADER = "$(TEST_HOST)";
				CODE_SIGN_STYLE = Automatic;
				CURRENT_PROJECT_VERSION = 1;
				GENERATE_INFOPLIST_FILE = YES;
				IPHONEOS_DEPLOYMENT_TARGET = 16.4;
				MACOSX_DEPLOYMENT_TARGET = 13.3;
				MARKETING_VERSION = 1.0;
				PRODUCT_BUNDLE_IDENTIFIER = adriangalilea.manifestTests;
				PRODUCT_NAME = "$(TARGET_NAME)";
				SDKROOT = auto;
				SUPPORTED_PLATFORMS = "iphoneos iphonesimulator macosx";
				SWIFT_EMIT_LOC_STRINGS = NO;
				SWIFT_VERSION = 5.0;
				TARGETED_DEVICE_FAMILY = "1,2";
				TEST_HOST = "$(BUILT_PRODUCTS_DIR)/manifest.app/$(BUNDLE_EXECUTABLE_FOLDER_PATH)/manifest";
			};
			name = Debug;
		};
		3A3CF3D92A23A5180008BBF1 /* Release */ = {
			isa = XCBuildConfiguration;
			buildSettings = {
				ALWAYS_EMBED_SWIFT_STANDARD_LIBRARIES = YES;
				BUNDLE_LOADER = "$(TEST_HOST)";
				CODE_SIGN_STYLE = Automatic;
				CURRENT_PROJECT_VERSION = 1;
				GENERATE_INFOPLIST_FILE = YES;
				IPHONEOS_DEPLOYMENT_TARGET = 16.4;
				MACOSX_DEPLOYMENT_TARGET = 13.3;
				MARKETING_VERSION = 1.0;
				PRODUCT_BUNDLE_IDENTIFIER = adriangalilea.manifestTests;
				PRODUCT_NAME = "$(TARGET_NAME)";
				SDKROOT = auto;
				SUPPORTED_PLATFORMS = "iphoneos iphonesimulator macosx";
				SWIFT_EMIT_LOC_STRINGS = NO;
				SWIFT_VERSION = 5.0;
				TARGETED_DEVICE_FAMILY = "1,2";
				TEST_HOST = "$(BUILT_PRODUCTS_DIR)/manifest.app/$(BUNDLE_EXECUTABLE_FOLDER_PATH)/manifest";
			};
			name = Release;
		};
		3A3CF3DB2A23A5180008BBF1 /* Debug */ = {
			isa = XCBuildConfiguration;
			buildSettings = {
				ALWAYS_EMBED_SWIFT_STANDARD_LIBRARIES = YES;
				CODE_SIGN_STYLE = Automatic;
				CURRENT_PROJECT_VERSION = 1;
				GENERATE_INFOPLIST_FILE = YES;
				IPHONEOS_DEPLOYMENT_TARGET = 16.4;
				MACOSX_DEPLOYMENT_TARGET = 13.3;
				MARKETING_VERSION = 1.0;
				PRODUCT_BUNDLE_IDENTIFIER = adriangalilea.manifestUITests;
				PRODUCT_NAME = "$(TARGET_NAME)";
				SDKROOT = auto;
				SUPPORTED_PLATFORMS = "iphoneos iphonesimulator macosx";
				SWIFT_EMIT_LOC_STRINGS = NO;
				SWIFT_VERSION = 5.0;
				TARGETED_DEVICE_FAMILY = "1,2";
				TEST_TARGET_NAME = manifest;
			};
			name = Debug;
		};
		3A3CF3DC2A23A5180008BBF1 /* Release */ = {
			isa = XCBuildConfiguration;
			buildSettings = {
				ALWAYS_EMBED_SWIFT_STANDARD_LIBRARIES = YES;
				CODE_SIGN_STYLE = Automatic;
				CURRENT_PROJECT_VERSION = 1;
				GENERATE_INFOPLIST_FILE = YES;
				IPHONEOS_DEPLOYMENT_TARGET = 16.4;
				MACOSX_DEPLOYMENT_TARGET = 13.3;
				MARKETING_VERSION = 1.0;
				PRODUCT_BUNDLE_IDENTIFIER = adriangalilea.manifestUITests;
				PRODUCT_NAME = "$(TARGET_NAME)";
				SDKROOT = auto;
				SUPPORTED_PLATFORMS = "iphoneos iphonesimulator macosx";
				SWIFT_EMIT_LOC_STRINGS = NO;
				SWIFT_VERSION = 5.0;
				TARGETED_DEVICE_FAMILY = "1,2";
				TEST_TARGET_NAME = manifest;
			};
			name = Release;
		};
/* End XCBuildConfiguration section */

/* Begin XCConfigurationList section */
		3A3CF3AA2A23A5170008BBF1 /* Build configuration list for PBXProject "manifest" */ = {
			isa = XCConfigurationList;
			buildConfigurations = (
				3A3CF3D22A23A5180008BBF1 /* Debug */,
				3A3CF3D32A23A5180008BBF1 /* Release */,
			);
			defaultConfigurationIsVisible = 0;
			defaultConfigurationName = Release;
		};
		3A3CF3D42A23A5180008BBF1 /* Build configuration list for PBXNativeTarget "manifest" */ = {
			isa = XCConfigurationList;
			buildConfigurations = (
				3A3CF3D52A23A5180008BBF1 /* Debug */,
				3A3CF3D62A23A5180008BBF1 /* Release */,
			);
			defaultConfigurationIsVisible = 0;
			defaultConfigurationName = Release;
		};
		3A3CF3D72A23A5180008BBF1 /* Build configuration list for PBXNativeTarget "manifestTests" */ = {
			isa = XCConfigurationList;
			buildConfigurations = (
				3A3CF3D82A23A5180008BBF1 /* Debug */,
				3A3CF3D92A23A5180008BBF1 /* Release */,
			);
			defaultConfigurationIsVisible = 0;
			defaultConfigurationName = Release;
		};
		3A3CF3DA2A23A5180008BBF1 /* Build configuration list for PBXNativeTarget "manifestUITests" */ = {
			isa = XCConfigurationList;
			buildConfigurations = (
				3A3CF3DB2A23A5180008BBF1 /* Debug */,
				3A3CF3DC2A23A5180008BBF1 /* Release */,
			);
			defaultConfigurationIsVisible = 0;
			defaultConfigurationName = Release;
		};
/* End XCConfigurationList section */
	};
	rootObject = 3A3CF3A72A23A5170008BBF1 /* Project object */;
}
